// !$*UTF8*$!
{
	archiveVersion = 1;
	classes = {
	};
	objectVersion = 77;
	objects = {

/* Begin PBXBuildFile section */
		E1A302102F936513008C8A74 /* MarkdownUI in Frameworks */ = {isa = PBXBuildFile; productRef = E1A3020F2F936513008C8A74 /* MarkdownUI */; };
		E1A4A5F230C1AA1100A1B2C3 /* CocoaMQTT in Frameworks */ = {isa = PBXBuildFile; productRef = E1A4A5F130C1AA1100A1B2C3 /* CocoaMQTT */; };
		E1A4A5F430C1AA1100A1B2C4 /* CocoaMQTTWebSocket in Frameworks */ = {isa = PBXBuildFile; productRef = E1A4A5F330C1AA1100A1B2C4 /* CocoaMQTTWebSocket */; };
		E1B0C0D130D3100000A1B2C3 /* HighlightSwift in Frameworks */ = {isa = PBXBuildFile; productRef = E1B0C0D030D3100000A1B2C3 /* HighlightSwift */; };
		E1C0000230D5000000A1B2C3 /* ChatLayout in Frameworks */ = {isa = PBXBuildFile; productRef = E1C0000130D5000000A1B2C3 /* ChatLayout */; };
/* End PBXBuildFile section */

/* Begin PBXContainerItemProxy section */
		E196D9B92F8BEE35001C6033 /* PBXContainerItemProxy */ = {
			isa = PBXContainerItemProxy;
			containerPortal = E196D9A32F8BEE31001C6033 /* Project object */;
			proxyType = 1;
			remoteGlobalIDString = E196D9AA2F8BEE31001C6033;
			remoteInfo = clawchat;
		};
		E196D9C32F8BEE35001C6033 /* PBXContainerItemProxy */ = {
			isa = PBXContainerItemProxy;
			containerPortal = E196D9A32F8BEE31001C6033 /* Project object */;
			proxyType = 1;
			remoteGlobalIDString = E196D9AA2F8BEE31001C6033;
			remoteInfo = clawchat;
		};
/* End PBXContainerItemProxy section */

/* Begin PBXFileReference section */
		E196D9AB2F8BEE32001C6033 /* clawchat.app */ = {isa = PBXFileReference; explicitFileType = wrapper.application; includeInIndex = 0; path = clawchat.app; sourceTree = BUILT_PRODUCTS_DIR; };
		E196D9B82F8BEE35001C6033 /* clawchatTests.xctest */ = {isa = PBXFileReference; explicitFileType = wrapper.cfbundle; includeInIndex = 0; path = clawchatTests.xctest; sourceTree = BUILT_PRODUCTS_DIR; };
		E196D9C22F8BEE35001C6033 /* clawchatUITests.xctest */ = {isa = PBXFileReference; explicitFileType = wrapper.cfbundle; includeInIndex = 0; path = clawchatUITests.xctest; sourceTree = BUILT_PRODUCTS_DIR; };
/* End PBXFileReference section */

/* Begin PBXFileSystemSynchronizedRootGroup section */
		E196D9AD2F8BEE32001C6033 /* clawchat */ = {
			isa = PBXFileSystemSynchronizedRootGroup;
			path = clawchat;
			sourceTree = "<group>";
		};
		E196D9BB2F8BEE35001C6033 /* clawchatTests */ = {
			isa = PBXFileSystemSynchronizedRootGroup;
			path = clawchatTests;
			sourceTree = "<group>";
		};
		E196D9C52F8BEE35001C6033 /* clawchatUITests */ = {
			isa = PBXFileSystemSynchronizedRootGroup;
			path = clawchatUITests;
			sourceTree = "<group>";
		};
/* End PBXFileSystemSynchronizedRootGroup section */

/* Begin PBXFrameworksBuildPhase section */
		E196D9A82F8BEE31001C6033 /* Frameworks */ = {
			isa = PBXFrameworksBuildPhase;
			buildActionMask = 2147483647;
			files = (
				E1B0C0D130D3100000A1B2C3 /* HighlightSwift in Frameworks */,
				E1A302102F936513008C8A74 /* MarkdownUI in Frameworks */,
				E1C0000230D5000000A1B2C3 /* ChatLayout in Frameworks */,
				E1A4A5F230C1AA1100A1B2C3 /* CocoaMQTT in Frameworks */,
				E1A4A5F430C1AA1100A1B2C4 /* CocoaMQTTWebSocket in Frameworks */,
			);
			runOnlyForDeploymentPostprocessing = 0;
		};
		E196D9B52F8BEE35001C6033 /* Frameworks */ = {
			isa = PBXFrameworksBuildPhase;
			buildActionMask = 2147483647;
			files = (
			);
			runOnlyForDeploymentPostprocessing = 0;
		};
		E196D9BF2F8BEE35001C6033 /* Frameworks */ = {
			isa = PBXFrameworksBuildPhase;
			buildActionMask = 2147483647;
			files = (
			);
			runOnlyForDeploymentPostprocessing = 0;
		};
/* End PBXFrameworksBuildPhase section */

/* Begin PBXGroup section */
		E196D9A22F8BEE31001C6033 = {
			isa = PBXGroup;
			children = (
				E196D9AD2F8BEE32001C6033 /* clawchat */,
				E196D9BB2F8BEE35001C6033 /* clawchatTests */,
				E196D9C52F8BEE35001C6033 /* clawchatUITests */,
				E1A3020E2F936513008C8A74 /* Frameworks */,
				E196D9AC2F8BEE32001C6033 /* Products */,
			);
			sourceTree = "<group>";
		};
		E196D9AC2F8BEE32001C6033 /* Products */ = {
			isa = PBXGroup;
			children = (
				E196D9AB2F8BEE32001C6033 /* clawchat.app */,
				E196D9B82F8BEE35001C6033 /* clawchatTests.xctest */,
				E196D9C22F8BEE35001C6033 /* clawchatUITests.xctest */,
			);
			name = Products;
			sourceTree = "<group>";
		};
		E1A3020E2F936513008C8A74 /* Frameworks */ = {
			isa = PBXGroup;
			children = (
			);
			name = Frameworks;
			sourceTree = "<group>";
		};
/* End PBXGroup section */

/* Begin PBXNativeTarget section */
		E196D9AA2F8BEE31001C6033 /* clawchat */ = {
			isa = PBXNativeTarget;
			buildConfigurationList = E196D9CC2F8BEE35001C6033 /* Build configuration list for PBXNativeTarget "clawchat" */;
			buildPhases = (
				E196D9A72F8BEE31001C6033 /* Sources */,
				E196D9A82F8BEE31001C6033 /* Frameworks */,
				E196D9A92F8BEE31001C6033 /* Resources */,
			);
			buildRules = (
			);
			dependencies = (
			);
			fileSystemSynchronizedGroups = (
				E196D9AD2F8BEE32001C6033 /* clawchat */,
			);
			name = clawchat;
			packageProductDependencies = (
				E1A4A5F130C1AA1100A1B2C3 /* CocoaMQTT */,
				E1A4A5F330C1AA1100A1B2C4 /* CocoaMQTTWebSocket */,
				E1B0C0D030D3100000A1B2C3 /* HighlightSwift */,
				E1A3020F2F936513008C8A74 /* MarkdownUI */,
				E1C0000130D5000000A1B2C3 /* ChatLayout */,
			);
			productName = clawchat;
			productReference = E196D9AB2F8BEE32001C6033 /* clawchat.app */;
			productType = "com.apple.product-type.application";
		};
		E196D9B72F8BEE35001C6033 /* clawchatTests */ = {
			isa = PBXNativeTarget;
			buildConfigurationList = E196D9CF2F8BEE35001C6033 /* Build configuration list for PBXNativeTarget "clawchatTests" */;
			buildPhases = (
				E196D9B42F8BEE35001C6033 /* Sources */,
				E196D9B52F8BEE35001C6033 /* Frameworks */,
				E196D9B62F8BEE35001C6033 /* Resources */,
			);
			buildRules = (
			);
			dependencies = (
				E196D9BA2F8BEE35001C6033 /* PBXTargetDependency */,
			);
			fileSystemSynchronizedGroups = (
				E196D9BB2F8BEE35001C6033 /* clawchatTests */,
			);
			name = clawchatTests;
			packageProductDependencies = (
			);
			productName = clawchatTests;
			productReference = E196D9B82F8BEE35001C6033 /* clawchatTests.xctest */;
			productType = "com.apple.product-type.bundle.unit-test";
		};
		E196D9C12F8BEE35001C6033 /* clawchatUITests */ = {
			isa = PBXNativeTarget;
			buildConfigurationList = E196D9D22F8BEE35001C6033 /* Build configuration list for PBXNativeTarget "clawchatUITests" */;
			buildPhases = (
				E196D9BE2F8BEE35001C6033 /* Sources */,
				E196D9BF2F8BEE35001C6033 /* Frameworks */,
				E196D9C02F8BEE35001C6033 /* Resources */,
			);
			buildRules = (
			);
			dependencies = (
				E196D9C42F8BEE35001C6033 /* PBXTargetDependency */,
			);
			fileSystemSynchronizedGroups = (
				E196D9C52F8BEE35001C6033 /* clawchatUITests */,
			);
			name = clawchatUITests;
			packageProductDependencies = (
			);
			productName = clawchatUITests;
			productReference = E196D9C22F8BEE35001C6033 /* clawchatUITests.xctest */;
			productType = "com.apple.product-type.bundle.ui-testing";
		};
/* End PBXNativeTarget section */

/* Begin PBXProject section */
		E196D9A32F8BEE31001C6033 /* Project object */ = {
			isa = PBXProject;
			attributes = {
				BuildIndependentTargetsInParallel = 1;
				LastSwiftUpdateCheck = 2640;
				LastUpgradeCheck = 2640;
				TargetAttributes = {
					E196D9AA2F8BEE31001C6033 = {
						CreatedOnToolsVersion = 26.4;
					};
					E196D9B72F8BEE35001C6033 = {
						CreatedOnToolsVersion = 26.4;
						TestTargetID = E196D9AA2F8BEE31001C6033;
					};
					E196D9C12F8BEE35001C6033 = {
						CreatedOnToolsVersion = 26.4;
						TestTargetID = E196D9AA2F8BEE31001C6033;
					};
				};
			};
			buildConfigurationList = E196D9A62F8BEE31001C6033 /* Build configuration list for PBXProject "clawchat" */;
			developmentRegion = en;
			hasScannedForEncodings = 0;
			knownRegions = (
				en,
				Base,
			);
			mainGroup = E196D9A22F8BEE31001C6033;
			minimizedProjectReferenceProxies = 1;
			packageReferences = (
				E1A4A5F030C1AA1100A1B2C3 /* XCRemoteSwiftPackageReference "CocoaMQTT" */,
				E1B0C0CF30D3100000A1B2C3 /* XCRemoteSwiftPackageReference "highlightswift" */,
				E1A3020D2F936410008C8A74 /* XCRemoteSwiftPackageReference "swift-markdown-ui" */,
				E1C0000030D5000000A1B2C3 /* XCRemoteSwiftPackageReference "ChatLayout" */,
			);
			preferredProjectObjectVersion = 77;
			productRefGroup = E196D9AC2F8BEE32001C6033 /* Products */;
			projectDirPath = "";
			projectRoot = "";
			targets = (
				E196D9AA2F8BEE31001C6033 /* clawchat */,
				E196D9B72F8BEE35001C6033 /* clawchatTests */,
				E196D9C12F8BEE35001C6033 /* clawchatUITests */,
			);
		};
/* End PBXProject section */

/* Begin PBXResourcesBuildPhase section */
		E196D9A92F8BEE31001C6033 /* Resources */ = {
			isa = PBXResourcesBuildPhase;
			buildActionMask = 2147483647;
			files = (
			);
			runOnlyForDeploymentPostprocessing = 0;
		};
		E196D9B62F8BEE35001C6033 /* Resources */ = {
			isa = PBXResourcesBuildPhase;
			buildActionMask = 2147483647;
			files = (
			);
			runOnlyForDeploymentPostprocessing = 0;
		};
		E196D9C02F8BEE35001C6033 /* Resources */ = {
			isa = PBXResourcesBuildPhase;
			buildActionMask = 2147483647;
			files = (
			);
			runOnlyForDeploymentPostprocessing = 0;
		};
/* End PBXResourcesBuildPhase section */

/* Begin PBXSourcesBuildPhase section */
		E196D9A72F8BEE31001C6033 /* Sources */ = {
			isa = PBXSourcesBuildPhase;
			buildActionMask = 2147483647;
			files = (
			);
			runOnlyForDeploymentPostprocessing = 0;
		};
		E196D9B42F8BEE35001C6033 /* Sources */ = {
			isa = PBXSourcesBuildPhase;
			buildActionMask = 2147483647;
			files = (
			);
			runOnlyForDeploymentPostprocessing = 0;
		};
		E196D9BE2F8BEE35001C6033 /* Sources */ = {
			isa = PBXSourcesBuildPhase;
			buildActionMask = 2147483647;
			files = (
			);
			runOnlyForDeploymentPostprocessing = 0;
		};
/* End PBXSourcesBuildPhase section */

/* Begin PBXTargetDependency section */
		E196D9BA2F8BEE35001C6033 /* PBXTargetDependency */ = {
			isa = PBXTargetDependency;
			target = E196D9AA2F8BEE31001C6033 /* clawchat */;
			targetProxy = E196D9B92F8BEE35001C6033 /* PBXContainerItemProxy */;
		};
		E196D9C42F8BEE35001C6033 /* PBXTargetDependency */ = {
			isa = PBXTargetDependency;
			target = E196D9AA2F8BEE31001C6033 /* clawchat */;
			targetProxy = E196D9C32F8BEE35001C6033 /* PBXContainerItemProxy */;
		};
/* End PBXTargetDependency section */

/* Begin XCBuildConfiguration section */
		E196D9CA2F8BEE35001C6033 /* Debug */ = {
			isa = XCBuildConfiguration;
			buildSettings = {
				ALWAYS_SEARCH_USER_PATHS = NO;
				ASSETCATALOG_COMPILER_GENERATE_SWIFT_ASSET_SYMBOL_EXTENSIONS = YES;
				CLANG_ANALYZER_NONNULL = YES;
				CLANG_ANALYZER_NUMBER_OBJECT_CONVERSION = YES_AGGRESSIVE;
				CLANG_CXX_LANGUAGE_STANDARD = "gnu++20";
				CLANG_ENABLE_MODULES = YES;
				CLANG_ENABLE_OBJC_ARC = YES;
				CLANG_ENABLE_OBJC_WEAK = YES;
				CLANG_WARN_BLOCK_CAPTURE_AUTORELEASING = YES;
				CLANG_WARN_BOOL_CONVERSION = YES;
				CLANG_WARN_COMMA = YES;
				CLANG_WARN_CONSTANT_CONVERSION = YES;
				CLANG_WARN_DEPRECATED_OBJC_IMPLEMENTATIONS = YES;
				CLANG_WARN_DIRECT_OBJC_ISA_USAGE = YES_ERROR;
				CLANG_WARN_DOCUMENTATION_COMMENTS = YES;
				CLANG_WARN_EMPTY_BODY = YES;
				CLANG_WARN_ENUM_CONVERSION = YES;
				CLANG_WARN_INFINITE_RECURSION = YES;
				CLANG_WARN_INT_CONVERSION = YES;
				CLANG_WARN_NON_LITERAL_NULL_CONVERSION = YES;
				CLANG_WARN_OBJC_IMPLICIT_RETAIN_SELF = YES;
				CLANG_WARN_OBJC_LITERAL_CONVERSION = YES;
				CLANG_WARN_OBJC_ROOT_CLASS = YES_ERROR;
				CLANG_WARN_QUOTED_INCLUDE_IN_FRAMEWORK_HEADER = YES;
				CLANG_WARN_RANGE_LOOP_ANALYSIS = YES;
				CLANG_WARN_STRICT_PROTOTYPES = YES;
				CLANG_WARN_SUSPICIOUS_MOVE = YES;
				CLANG_WARN_UNGUARDED_AVAILABILITY = YES_AGGRESSIVE;
				CLANG_WARN_UNREACHABLE_CODE = YES;
				CLANG_WARN__DUPLICATE_METHOD_MATCH = YES;
				COPY_PHASE_STRIP = NO;
				DEBUG_INFORMATION_FORMAT = dwarf;
				DEVELOPMENT_TEAM = 9NB6L2WHTN;
				ENABLE_STRICT_OBJC_MSGSEND = YES;
				ENABLE_TESTABILITY = YES;
				ENABLE_USER_SCRIPT_SANDBOXING = YES;
				GCC_C_LANGUAGE_STANDARD = gnu17;
				GCC_DYNAMIC_NO_PIC = NO;
				GCC_NO_COMMON_BLOCKS = YES;
				GCC_OPTIMIZATION_LEVEL = 0;
				GCC_PREPROCESSOR_DEFINITIONS = (
					"DEBUG=1",
					"$(inherited)",
				);
				GCC_WARN_64_TO_32_BIT_CONVERSION = YES;
				GCC_WARN_ABOUT_RETURN_TYPE = YES_ERROR;
				GCC_WARN_UNDECLARED_SELECTOR = YES;
				GCC_WARN_UNINITIALIZED_AUTOS = YES_AGGRESSIVE;
				GCC_WARN_UNUSED_FUNCTION = YES;
				GCC_WARN_UNUSED_VARIABLE = YES;
				IPHONEOS_DEPLOYMENT_TARGET = 26.4;
				LOCALIZATION_PREFERS_STRING_CATALOGS = YES;
				MTL_ENABLE_DEBUG_INFO = INCLUDE_SOURCE;
				MTL_FAST_MATH = YES;
				ONLY_ACTIVE_ARCH = YES;
				SDKROOT = iphoneos;
				SWIFT_ACTIVE_COMPILATION_CONDITIONS = "DEBUG $(inherited)";
				SWIFT_OPTIMIZATION_LEVEL = "-Onone";
			};
			name = Debug;
		};
		E196D9CB2F8BEE35001C6033 /* Release */ = {
			isa = XCBuildConfiguration;
			buildSettings = {
				ALWAYS_SEARCH_USER_PATHS = NO;
				ASSETCATALOG_COMPILER_GENERATE_SWIFT_ASSET_SYMBOL_EXTENSIONS = YES;
				CLANG_ANALYZER_NONNULL = YES;
				CLANG_ANALYZER_NUMBER_OBJECT_CONVERSION = YES_AGGRESSIVE;
				CLANG_CXX_LANGUAGE_STANDARD = "gnu++20";
				CLANG_ENABLE_MODULES = YES;
				CLANG_ENABLE_OBJC_ARC = YES;
				CLANG_ENABLE_OBJC_WEAK = YES;
				CLANG_WARN_BLOCK_CAPTURE_AUTORELEASING = YES;
				CLANG_WARN_BOOL_CONVERSION = YES;
				CLANG_WARN_COMMA = YES;
				CLANG_WARN_CONSTANT_CONVERSION = YES;
				CLANG_WARN_DEPRECATED_OBJC_IMPLEMENTATIONS = YES;
				CLANG_WARN_DIRECT_OBJC_ISA_USAGE = YES_ERROR;
				CLANG_WARN_DOCUMENTATION_COMMENTS = YES;
				CLANG_WARN_EMPTY_BODY = YES;
				CLANG_WARN_ENUM_CONVERSION = YES;
				CLANG_WARN_INFINITE_RECURSION = YES;
				CLANG_WARN_INT_CONVERSION = YES;
				CLANG_WARN_NON_LITERAL_NULL_CONVERSION = YES;
				CLANG_WARN_OBJC_IMPLICIT_RETAIN_SELF = YES;
				CLANG_WARN_OBJC_LITERAL_CONVERSION = YES;
				CLANG_WARN_OBJC_ROOT_CLASS = YES_ERROR;
				CLANG_WARN_QUOTED_INCLUDE_IN_FRAMEWORK_HEADER = YES;
				CLANG_WARN_RANGE_LOOP_ANALYSIS = YES;
				CLANG_WARN_STRICT_PROTOTYPES = YES;
				CLANG_WARN_SUSPICIOUS_MOVE = YES;
				CLANG_WARN_UNGUARDED_AVAILABILITY = YES_AGGRESSIVE;
				CLANG_WARN_UNREACHABLE_CODE = YES;
				CLANG_WARN__DUPLICATE_METHOD_MATCH = YES;
				COPY_PHASE_STRIP = NO;
				DEBUG_INFORMATION_FORMAT = "dwarf-with-dsym";
				DEVELOPMENT_TEAM = 9NB6L2WHTN;
				ENABLE_NS_ASSERTIONS = NO;
				ENABLE_STRICT_OBJC_MSGSEND = YES;
				ENABLE_USER_SCRIPT_SANDBOXING = YES;
				GCC_C_LANGUAGE_STANDARD = gnu17;
				GCC_NO_COMMON_BLOCKS = YES;
				GCC_WARN_64_TO_32_BIT_CONVERSION = YES;
				GCC_WARN_ABOUT_RETURN_TYPE = YES_ERROR;
				GCC_WARN_UNDECLARED_SELECTOR = YES;
				GCC_WARN_UNINITIALIZED_AUTOS = YES_AGGRESSIVE;
				GCC_WARN_UNUSED_FUNCTION = YES;
				GCC_WARN_UNUSED_VARIABLE = YES;
				IPHONEOS_DEPLOYMENT_TARGET = 26.4;
				LOCALIZATION_PREFERS_STRING_CATALOGS = YES;
				MTL_ENABLE_DEBUG_INFO = NO;
				MTL_FAST_MATH = YES;
				SDKROOT = iphoneos;
				SWIFT_COMPILATION_MODE = wholemodule;
				VALIDATE_PRODUCT = YES;
			};
			name = Release;
		};
		E196D9CD2F8BEE35001C6033 /* Debug */ = {
			isa = XCBuildConfiguration;
			buildSettings = {
				ASSETCATALOG_COMPILER_APPICON_NAME = AppIcon;
				ASSETCATALOG_COMPILER_GLOBAL_ACCENT_COLOR_NAME = AccentColor;
				CODE_SIGN_STYLE = Automatic;
				CURRENT_PROJECT_VERSION = 1;
				DERIVE_MACCATALYST_PRODUCT_BUNDLE_IDENTIFIER = NO;
				DEVELOPMENT_TEAM = ZGZY2CRNKM;
				ENABLE_PREVIEWS = YES;
				GENERATE_INFOPLIST_FILE = YES;
				INFOPLIST_KEY_NSPhotoLibraryAddUsageDescription = "Save chat images to your photo library.";
				INFOPLIST_KEY_UIApplicationSceneManifest_Generation = YES;
				INFOPLIST_KEY_UIApplicationSupportsIndirectInputEvents = YES;
				INFOPLIST_KEY_UILaunchScreen_Generation = YES;
				INFOPLIST_KEY_UISupportedInterfaceOrientations_iPad = "UIInterfaceOrientationPortrait UIInterfaceOrientationPortraitUpsideDown UIInterfaceOrientationLandscapeLeft UIInterfaceOrientationLandscapeRight";
				INFOPLIST_KEY_UISupportedInterfaceOrientations_iPhone = "UIInterfaceOrientationPortrait UIInterfaceOrientationLandscapeLeft UIInterfaceOrientationLandscapeRight";
				IPHONEOS_DEPLOYMENT_TARGET = 26.0;
				LD_RUNPATH_SEARCH_PATHS = (
					"$(inherited)",
					"@executable_path/Frameworks",
				);
				"LD_RUNPATH_SEARCH_PATHS[sdk=macosx*]" = (
					"$(inherited)",
					"@executable_path/../Frameworks",
				);
				MARKETING_VERSION = 1.0;
				PRODUCT_BUNDLE_IDENTIFIER = site.changer.clawchat;
				PRODUCT_NAME = "$(TARGET_NAME)";
				STRING_CATALOG_GENERATE_SYMBOLS = YES;
				SUPPORTS_MACCATALYST = YES;
				SWIFT_APPROACHABLE_CONCURRENCY = YES;
				SWIFT_DEFAULT_ACTOR_ISOLATION = MainActor;
				SWIFT_EMIT_LOC_STRINGS = YES;
				SWIFT_UPCOMING_FEATURE_MEMBER_IMPORT_VISIBILITY = YES;
				SWIFT_VERSION = 5.0;
				TARGETED_DEVICE_FAMILY = "1,2,6";
			};
			name = Debug;
		};
		E196D9CE2F8BEE35001C6033 /* Release */ = {
			isa = XCBuildConfiguration;
			buildSettings = {
				ASSETCATALOG_COMPILER_APPICON_NAME = AppIcon;
				ASSETCATALOG_COMPILER_GLOBAL_ACCENT_COLOR_NAME = AccentColor;
				CODE_SIGN_STYLE = Automatic;
				CURRENT_PROJECT_VERSION = 1;
				DERIVE_MACCATALYST_PRODUCT_BUNDLE_IDENTIFIER = NO;
				DEVELOPMENT_TEAM = ZGZY2CRNKM;
				ENABLE_PREVIEWS = YES;
				GENERATE_INFOPLIST_FILE = YES;
				INFOPLIST_KEY_NSPhotoLibraryAddUsageDescription = "Save chat images to your photo library.";
				INFOPLIST_KEY_UIApplicationSceneManifest_Generation = YES;
				INFOPLIST_KEY_UIApplicationSupportsIndirectInputEvents = YES;
				INFOPLIST_KEY_UILaunchScreen_Generation = YES;
				INFOPLIST_KEY_UISupportedInterfaceOrientations_iPad = "UIInterfaceOrientationPortrait UIInterfaceOrientationPortraitUpsideDown UIInterfaceOrientationLandscapeLeft UIInterfaceOrientationLandscapeRight";
				INFOPLIST_KEY_UISupportedInterfaceOrientations_iPhone = "UIInterfaceOrientationPortrait UIInterfaceOrientationLandscapeLeft UIInterfaceOrientationLandscapeRight";
				IPHONEOS_DEPLOYMENT_TARGET = 26.0;
				LD_RUNPATH_SEARCH_PATHS = (
					"$(inherited)",
					"@executable_path/Frameworks",
				);
				"LD_RUNPATH_SEARCH_PATHS[sdk=macosx*]" = (
					"$(inherited)",
					"@executable_path/../Frameworks",
				);
				MARKETING_VERSION = 1.0;
				PRODUCT_BUNDLE_IDENTIFIER = site.changer.clawchat;
				PRODUCT_NAME = "$(TARGET_NAME)";
				STRING_CATALOG_GENERATE_SYMBOLS = YES;
				SUPPORTS_MACCATALYST = YES;
				SWIFT_APPROACHABLE_CONCURRENCY = YES;
				SWIFT_DEFAULT_ACTOR_ISOLATION = MainActor;
				SWIFT_EMIT_LOC_STRINGS = YES;
				SWIFT_UPCOMING_FEATURE_MEMBER_IMPORT_VISIBILITY = YES;
				SWIFT_VERSION = 5.0;
				TARGETED_DEVICE_FAMILY = "1,2,6";
			};
			name = Release;
		};
		E196D9D02F8BEE35001C6033 /* Debug */ = {
			isa = XCBuildConfiguration;
			buildSettings = {
				BUNDLE_LOADER = "$(TEST_HOST)";
				CODE_SIGN_STYLE = Automatic;
				CURRENT_PROJECT_VERSION = 1;
				DEVELOPMENT_TEAM = 9NB6L2WHTN;
				GENERATE_INFOPLIST_FILE = YES;
				IPHONEOS_DEPLOYMENT_TARGET = 26.4;
				MARKETING_VERSION = 1.0;
				PRODUCT_BUNDLE_IDENTIFIER = site.changer.clawchatTests;
				PRODUCT_NAME = "$(TARGET_NAME)";
				STRING_CATALOG_GENERATE_SYMBOLS = NO;
				SWIFT_APPROACHABLE_CONCURRENCY = YES;
				SWIFT_EMIT_LOC_STRINGS = NO;
				SWIFT_UPCOMING_FEATURE_MEMBER_IMPORT_VISIBILITY = YES;
				SWIFT_VERSION = 5.0;
				TARGETED_DEVICE_FAMILY = "1,2";
				TEST_HOST = "$(BUILT_PRODUCTS_DIR)/clawchat.app/$(BUNDLE_EXECUTABLE_FOLDER_PATH)/clawchat";
			};
			name = Debug;
		};
		E196D9D12F8BEE35001C6033 /* Release */ = {
			isa = XCBuildConfiguration;
			buildSettings = {
				BUNDLE_LOADER = "$(TEST_HOST)";
				CODE_SIGN_STYLE = Automatic;
				CURRENT_PROJECT_VERSION = 1;
				DEVELOPMENT_TEAM = 9NB6L2WHTN;
				GENERATE_INFOPLIST_FILE = YES;
				IPHONEOS_DEPLOYMENT_TARGET = 26.4;
				MARKETING_VERSION = 1.0;
				PRODUCT_BUNDLE_IDENTIFIER = site.changer.clawchatTests;
				PRODUCT_NAME = "$(TARGET_NAME)";
				STRING_CATALOG_GENERATE_SYMBOLS = NO;
				SWIFT_APPROACHABLE_CONCURRENCY = YES;
				SWIFT_EMIT_LOC_STRINGS = NO;
				SWIFT_UPCOMING_FEATURE_MEMBER_IMPORT_VISIBILITY = YES;
				SWIFT_VERSION = 5.0;
				TARGETED_DEVICE_FAMILY = "1,2";
				TEST_HOST = "$(BUILT_PRODUCTS_DIR)/clawchat.app/$(BUNDLE_EXECUTABLE_FOLDER_PATH)/clawchat";
			};
			name = Release;
		};
		E196D9D32F8BEE35001C6033 /* Debug */ = {
			isa = XCBuildConfiguration;
			buildSettings = {
				CODE_SIGN_STYLE = Automatic;
				CURRENT_PROJECT_VERSION = 1;
				DEVELOPMENT_TEAM = 9NB6L2WHTN;
				GENERATE_INFOPLIST_FILE = YES;
				MARKETING_VERSION = 1.0;
				PRODUCT_BUNDLE_IDENTIFIER = site.changer.clawchatUITests;
				PRODUCT_NAME = "$(TARGET_NAME)";
				STRING_CATALOG_GENERATE_SYMBOLS = NO;
				SWIFT_APPROACHABLE_CONCURRENCY = YES;
				SWIFT_EMIT_LOC_STRINGS = NO;
				SWIFT_UPCOMING_FEATURE_MEMBER_IMPORT_VISIBILITY = YES;
				SWIFT_VERSION = 5.0;
				TARGETED_DEVICE_FAMILY = "1,2";
				TEST_TARGET_NAME = clawchat;
			};
			name = Debug;
		};
		E196D9D42F8BEE35001C6033 /* Release */ = {
			isa = XCBuildConfiguration;
			buildSettings = {
				CODE_SIGN_STYLE = Automatic;
				CURRENT_PROJECT_VERSION = 1;
				DEVELOPMENT_TEAM = 9NB6L2WHTN;
				GENERATE_INFOPLIST_FILE = YES;
				MARKETING_VERSION = 1.0;
				PRODUCT_BUNDLE_IDENTIFIER = site.changer.clawchatUITests;
				PRODUCT_NAME = "$(TARGET_NAME)";
				STRING_CATALOG_GENERATE_SYMBOLS = NO;
				SWIFT_APPROACHABLE_CONCURRENCY = YES;
				SWIFT_EMIT_LOC_STRINGS = NO;
				SWIFT_UPCOMING_FEATURE_MEMBER_IMPORT_VISIBILITY = YES;
				SWIFT_VERSION = 5.0;
				TARGETED_DEVICE_FAMILY = "1,2";
				TEST_TARGET_NAME = clawchat;
			};
			name = Release;
		};
/* End XCBuildConfiguration section */

/* Begin XCConfigurationList section */
		E196D9A62F8BEE31001C6033 /* Build configuration list for PBXProject "clawchat" */ = {
			isa = XCConfigurationList;
			buildConfigurations = (
				E196D9CA2F8BEE35001C6033 /* Debug */,
				E196D9CB2F8BEE35001C6033 /* Release */,
			);
			defaultConfigurationIsVisible = 0;
			defaultConfigurationName = Release;
		};
		E196D9CC2F8BEE35001C6033 /* Build configuration list for PBXNativeTarget "clawchat" */ = {
			isa = XCConfigurationList;
			buildConfigurations = (
				E196D9CD2F8BEE35001C6033 /* Debug */,
				E196D9CE2F8BEE35001C6033 /* Release */,
			);
			defaultConfigurationIsVisible = 0;
			defaultConfigurationName = Release;
		};
		E196D9CF2F8BEE35001C6033 /* Build configuration list for PBXNativeTarget "clawchatTests" */ = {
			isa = XCConfigurationList;
			buildConfigurations = (
				E196D9D02F8BEE35001C6033 /* Debug */,
				E196D9D12F8BEE35001C6033 /* Release */,
			);
			defaultConfigurationIsVisible = 0;
			defaultConfigurationName = Release;
		};
		E196D9D22F8BEE35001C6033 /* Build configuration list for PBXNativeTarget "clawchatUITests" */ = {
			isa = XCConfigurationList;
			buildConfigurations = (
				E196D9D32F8BEE35001C6033 /* Debug */,
				E196D9D42F8BEE35001C6033 /* Release */,
			);
			defaultConfigurationIsVisible = 0;
			defaultConfigurationName = Release;
		};
/* End XCConfigurationList section */

/* Begin XCRemoteSwiftPackageReference section */
		E1A3020D2F936410008C8A74 /* XCRemoteSwiftPackageReference "swift-markdown-ui" */ = {
			isa = XCRemoteSwiftPackageReference;
			repositoryURL = "https://github.com/gonzalezreal/swift-markdown-ui";
			requirement = {
				kind = upToNextMajorVersion;
				minimumVersion = 2.4.1;
			};
		};
		E1A4A5F030C1AA1100A1B2C3 /* XCRemoteSwiftPackageReference "CocoaMQTT" */ = {
			isa = XCRemoteSwiftPackageReference;
			repositoryURL = "https://github.com/emqx/CocoaMQTT.git";
			requirement = {
				kind = upToNextMajorVersion;
				minimumVersion = 2.1.6;
			};
		};
		E1B0C0CF30D3100000A1B2C3 /* XCRemoteSwiftPackageReference "highlightswift" */ = {
			isa = XCRemoteSwiftPackageReference;
			repositoryURL = "https://github.com/appstefan/highlightswift.git";
			requirement = {
				kind = upToNextMajorVersion;
				minimumVersion = 1.1.0;
			};
		};
		E1C0000030D5000000A1B2C3 /* XCRemoteSwiftPackageReference "ChatLayout" */ = {
			isa = XCRemoteSwiftPackageReference;
			repositoryURL = "https://github.com/ekazaev/ChatLayout.git";
			requirement = {
				kind = upToNextMajorVersion;
				minimumVersion = 2.4.2;
			};
		};
/* End XCRemoteSwiftPackageReference section */

/* Begin XCSwiftPackageProductDependency section */
		E1A3020F2F936513008C8A74 /* MarkdownUI */ = {
			isa = XCSwiftPackageProductDependency;
			package = E1A3020D2F936410008C8A74 /* XCRemoteSwiftPackageReference "swift-markdown-ui" */;
			productName = MarkdownUI;
		};
		E1A4A5F130C1AA1100A1B2C3 /* CocoaMQTT */ = {
			isa = XCSwiftPackageProductDependency;
			package = E1A4A5F030C1AA1100A1B2C3 /* XCRemoteSwiftPackageReference "CocoaMQTT" */;
			productName = CocoaMQTT;
		};
		E1A4A5F330C1AA1100A1B2C4 /* CocoaMQTTWebSocket */ = {
			isa = XCSwiftPackageProductDependency;
			package = E1A4A5F030C1AA1100A1B2C3 /* XCRemoteSwiftPackageReference "CocoaMQTT" */;
			productName = CocoaMQTTWebSocket;
		};
		E1B0C0D030D3100000A1B2C3 /* HighlightSwift */ = {
			isa = XCSwiftPackageProductDependency;
			package = E1B0C0CF30D3100000A1B2C3 /* XCRemoteSwiftPackageReference "highlightswift" */;
			productName = HighlightSwift;
		};
		E1C0000130D5000000A1B2C3 /* ChatLayout */ = {
			isa = XCSwiftPackageProductDependency;
			package = E1C0000030D5000000A1B2C3 /* XCRemoteSwiftPackageReference "ChatLayout" */;
			productName = ChatLayout;
		};
/* End XCSwiftPackageProductDependency section */
	};
	rootObject = E196D9A32F8BEE31001C6033 /* Project object */;
}
